
Microsoft Visual Studio Solution File, Format Version 12.00
# Visual Studio Version 17
VisualStudioVersion = 17.3.32811.315
MinimumVisualStudioVersion = 10.0.40219.1
Project("{FAE04EC0-301F-11D3-BF4B-00C04F79EFBC}") = "HawkerCenterFinder.API", "HawkerCenterFinder.API\HawkerCenterFinder.API.csproj", "{067F30B2-D45A-4C66-9155-7CC141AD443C}"
EndProject
Project("{FAE04EC0-301F-11D3-BF4B-00C04F79EFBC}") = "HawkerCenterFinder.DataLayer", "HawkerCenterFinder.Data\HawkerCenterFinder.DataLayer.csproj", "{F7034093-A652-424F-BD85-670E5C7A22F3}"
EndProject
Project("{FAE04EC0-301F-11D3-BF4B-00C04F79EFBC}") = "HawkerCenterFinder.BL", "HawkerCenterFinder.BL\HawkerCenterFinder.BL.csproj", "{1DEBC862-9DFE-4507-B636-E6218DE96B36}"
EndProject
Project("{FAE04EC0-301F-11D3-BF4B-00C04F79EFBC}") = "HawkerCenterFinder.Model", "HawkerCenterFinder.Model\HawkerCenterFinder.Model.csproj", "{4B04BBFD-5603-46F5-9F9F-C449048D8197}"
EndProject
Global
	GlobalSection(SolutionConfigurationPlatforms) = preSolution
		Debug|Any CPU = Debug|Any CPU
		Release|Any CPU = Release|Any CPU
	EndGlobalSection
	GlobalSection(ProjectConfigurationPlatforms) = postSolution
		{067F30B2-D45A-4C66-9155-7CC141AD443C}.Debug|Any CPU.ActiveCfg = Debug|Any CPU
		{067F30B2-D45A-4C66-9155-7CC141AD443C}.Debug|Any CPU.Build.0 = Debug|Any CPU
		{067F30B2-D45A-4C66-9155-7CC141AD443C}.Release|Any CPU.ActiveCfg = Release|Any CPU
		{067F30B2-D45A-4C66-9155-7CC141AD443C}.Release|Any CPU.Build.0 = Release|Any CPU
		{F7034093-A652-424F-BD85-670E5C7A22F3}.Debug|Any CPU.ActiveCfg = Debug|Any CPU
		{F7034093-A652-424F-BD85-670E5C7A22F3}.Debug|Any CPU.Build.0 = Debug|Any CPU
		{F7034093-A652-424F-BD85-670E5C7A22F3}.Release|Any CPU.ActiveCfg = Release|Any CPU
		{F7034093-A652-424F-BD85-670E5C7A22F3}.Release|Any CPU.Build.0 = Release|Any CPU
		{1DEBC862-9DFE-4507-B636-E6218DE96B36}.Debug|Any CPU.ActiveCfg = Debug|Any CPU
		{1DEBC862-9DFE-4507-B636-E6218DE96B36}.Debug|Any CPU.Build.0 = Debug|Any CPU
		{1DEBC862-9DFE-4507-B636-E6218DE96B36}.Release|Any CPU.ActiveCfg = Release|Any CPU
		{1DEBC862-9DFE-4507-B636-E6218DE96B36}.Release|Any CPU.Build.0 = Release|Any CPU
		{4B04BBFD-5603-46F5-9F9F-C449048D8197}.Debug|Any CPU.ActiveCfg = Debug|Any CPU
		{4B04BBFD-5603-46F5-9F9F-C449048D8197}.Debug|Any CPU.Build.0 = Debug|Any CPU
		{4B04BBFD-5603-46F5-9F9F-C449048D8197}.Release|Any CPU.ActiveCfg = Release|Any CPU
		{4B04BBFD-5603-46F5-9F9F-C449048D8197}.Release|Any CPU.Build.0 = Release|Any CPU
	EndGlobalSection
	GlobalSection(SolutionProperties) = preSolution
		HideSolutionNode = FALSE
	EndGlobalSection
	GlobalSection(ExtensibilityGlobals) = postSolution
		SolutionGuid = {C3AADCC6-3311-42FC-96D7-3D4808367041}
	EndGlobalSection
EndGlobal
